# THIS IS AN AUTOGENERATED FILE. DO NOT EDIT THIS FILE DIRECTLY.
# yarn lockfile v1


debug@^3.1.0:
  version "3.2.6"
  resolved "https://registry.yarnpkg.com/debug/-/debug-3.2.6.tgz#e83d17de16d8a7efb7717edbe5fb10135eee629b"
  integrity sha512-mel+jf7nrtEl5Pn1Qx46zARXKDpBbvzezse7p7LqINmdoIk8PYP5SySaxEmYv6TZ0JyEKA1hsCId6DIhgITtWQ==
  dependencies:
    ms "^2.1.1"

direction@^0.1.5:
  version "0.1.5"
  resolved "https://registry.yarnpkg.com/direction/-/direction-0.1.5.tgz#ce5d797f97e26f8be7beff53f7dc40e1c1a9ec4c"
  integrity sha1-zl15f5fib4vnvv9T99xA4cGp7Ew=

esrever@^0.2.0:
  version "0.2.0"
  resolved "https://registry.yarnpkg.com/esrever/-/esrever-0.2.0.tgz#96e9d28f4f1b1a76784cd5d490eaae010e7407b8"
  integrity sha1-lunSj08bGnZ4TNXUkOquAQ50B7g=

is-plain-object@^2.0.4:
  version "2.0.4"
  resolved "https://registry.yarnpkg.com/is-plain-object/-/is-plain-object-2.0.4.tgz#2c163b3fafb1b606d9d17928f05c2a1c38e07677"
  integrity sha512-h5PpgXkWitc38BBMYawTYMWJHFZJVnBquFE57xFpjB8pJFiF6gZ+bU+WyI/yqXiFR5mdLsgYNaPe8uao6Uv9Og==
  dependencies:
    isobject "^3.0.1"

is-url@^1.2.4:
  version "1.2.4"
  resolved "https://registry.yarnpkg.com/is-url/-/is-url-1.2.4.tgz#04a4df46d28c4cff3d73d01ff06abeb318a1aa52"
  integrity sha512-ITvGim8FhRiYe4IQ5uHSkj7pVaPDrCTkNd3yq3cV7iZAcJdHTUMPMEHcqSOy9xZ9qFenQCvi+2wjH9a1nXqHww==

isobject@^3.0.1:
  version "3.0.1"
  resolved "https://registry.yarnpkg.com/isobject/-/isobject-3.0.1.tgz#4e431e92b11a9731636aa1f9c8d1ccbcfdab78df"
  integrity sha1-TkMekrEalzFjaqH5yNHMvP2reN8=

lodash@^4.17.4:
  version "4.17.11"
  resolved "https://registry.yarnpkg.com/lodash/-/lodash-4.17.11.tgz#b39ea6229ef607ecd89e2c8df12536891cac9b8d"
  integrity sha512-cQKh8igo5QUhZ7lg38DYWAxMvjSAKG0A8wGSVimP07SIUEK2UO+arSRKbRZWtelMtN5V0Hkwh5ryOto/SshYIg==

ms@^2.1.1:
  version "2.1.1"
  resolved "https://registry.yarnpkg.com/ms/-/ms-2.1.1.tgz#30a5864eb3ebb0a66f2ebe6d727af06a09d86e0a"
  integrity sha512-tgp+dl5cGk28utYktBsrFqA7HKgrhgPsg6Z/EfhWI4gl1Hwq8B/GmY/0oXZ6nF8hDVesS/FpnYaD/kOWhYQvyg==

slate-html-serializer@^0.7.38:
  version "0.7.38"
  resolved "https://registry.yarnpkg.com/slate-html-serializer/-/slate-html-serializer-0.7.38.tgz#fb7223d08c97673b6e92378c839d22a68723aa99"
  integrity sha512-T6RTf1shBzZAm0Vl6MaPrJE3Kxqf/4K87/CDpPUA8hA86GQ8hjYSleeOTbS0UEYwSPp1VG+NaRsD6MyMpf4S6A==
  dependencies:
    type-of "^2.0.1"

slate@^0.45.0:
  version "0.45.0"
  resolved "https://registry.yarnpkg.com/slate/-/slate-0.45.0.tgz#2fec8151c2d311ff475cb1ff655c76827b2bf0e0"
  integrity sha512-1bkfI0Ir5uPTCfHxYTPT/bwA9pkWPmeBk3P6xCB0bukjSnjBf5PryuCee5tDUeachOR8bdicc0DPWN7RPORvhg==
  dependencies:
    debug "^3.1.0"
    direction "^0.1.5"
    esrever "^0.2.0"
    is-plain-object "^2.0.4"
    lodash "^4.17.4"
    tiny-invariant "^1.0.1"
    tiny-warning "^0.0.3"
    type-of "^2.0.1"

tiny-invariant@^1.0.1:
  version "1.0.4"
  resolved "https://registry.yarnpkg.com/tiny-invariant/-/tiny-invariant-1.0.4.tgz#346b5415fd93cb696b0c4e8a96697ff590f92463"
  integrity sha512-lMhRd/djQJ3MoaHEBrw8e2/uM4rs9YMNk0iOr8rHQ0QdbM7D4l0gFl3szKdeixrlyfm9Zqi4dxHCM2qVG8ND5g==

tiny-warning@^0.0.3:
  version "0.0.3"
  resolved "https://registry.yarnpkg.com/tiny-warning/-/tiny-warning-0.0.3.tgz#1807eb4c5f81784a6354d58ea1d5024f18c6c81f"
  integrity sha512-r0SSA5Y5IWERF9Xh++tFPx0jITBgGggOsRLDWWew6YRw/C2dr4uNO1fw1vanrBmHsICmPyMLNBZboTlxUmUuaA==

type-of@^2.0.1:
  version "2.0.1"
  resolved "https://registry.yarnpkg.com/type-of/-/type-of-2.0.1.tgz#e72a1741896568e9f628378d816d6912f7f23972"
  integrity sha1-5yoXQYllaOn2KDeNgW1pEvfyOXI=
